
Microsoft Visual Studio Solution File, Format Version 12.00
# Visual Studio Version 17
VisualStudioVersion = 17.6.33829.357
MinimumVisualStudioVersion = 10.0.40219.1
Project("{9A19103F-16F7-4668-BE54-9A1E7A4F7556}") = "Tamrin1", "Tamrin1.csproj", "{1B00C624-DC23-4627-A37C-EDDD4F1B4401}"
EndProject
Project("{9A19103F-16F7-4668-BE54-9A1E7A4F7556}") = "BaseBackend", "..\BaseBackend\BaseBackend.csproj", "{629DB780-DEEC-4E25-A81A-800B38347126}"
EndProject
Global
	GlobalSection(SolutionConfigurationPlatforms) = preSolution
		Debug|Any CPU = Debug|Any CPU
		Release|Any CPU = Release|Any CPU
	EndGlobalSection
	GlobalSection(ProjectConfigurationPlatforms) = postSolution
		{1B00C624-DC23-4627-A37C-EDDD4F1B4401}.Debug|Any CPU.ActiveCfg = Debug|Any CPU
		{1B00C624-DC23-4627-A37C-EDDD4F1B4401}.Debug|Any CPU.Build.0 = Debug|Any CPU
		{1B00C624-DC23-4627-A37C-EDDD4F1B4401}.Release|Any CPU.ActiveCfg = Release|Any CPU
		{1B00C624-DC23-4627-A37C-EDDD4F1B4401}.Release|Any CPU.Build.0 = Release|Any CPU
		{629DB780-DEEC-4E25-A81A-800B38347126}.Debug|Any CPU.ActiveCfg = Debug|Any CPU
		{629DB780-DEEC-4E25-A81A-800B38347126}.Debug|Any CPU.Build.0 = Debug|Any CPU
		{629DB780-DEEC-4E25-A81A-800B38347126}.Release|Any CPU.ActiveCfg = Release|Any CPU
		{629DB780-DEEC-4E25-A81A-800B38347126}.Release|Any CPU.Build.0 = Release|Any CPU
	EndGlobalSection
	GlobalSection(SolutionProperties) = preSolution
		HideSolutionNode = FALSE
	EndGlobalSection
	GlobalSection(ExtensibilityGlobals) = postSolution
		SolutionGuid = {FB1A2005-A964-42ED-944E-7D79EFC5F159}
	EndGlobalSection
EndGlobal
